
Microsoft Visual Studio Solution File, Format Version 12.00
# Visual Studio Version 16
VisualStudioVersion = 16.0.30104.148
MinimumVisualStudioVersion = 10.0.40219.1
Project("{FAE04EC0-301F-11D3-BF4B-00C04F79EFBC}") = "Drinks", "Drinks\Drinks.csproj", "{BF5D9612-61BD-46C5-B1D7-0C2CDED876E0}"
EndProject
Global
	GlobalSection(SolutionConfigurationPlatforms) = preSolution
		Debug|Any CPU = Debug|Any CPU
		Release|Any CPU = Release|Any CPU
	EndGlobalSection
	GlobalSection(ProjectConfigurationPlatforms) = postSolution
		{BF5D9612-61BD-46C5-B1D7-0C2CDED876E0}.Debug|Any CPU.ActiveCfg = Debug|Any CPU
		{BF5D9612-61BD-46C5-B1D7-0C2CDED876E0}.Debug|Any CPU.Build.0 = Debug|Any CPU
		{BF5D9612-61BD-46C5-B1D7-0C2CDED876E0}.Release|Any CPU.ActiveCfg = Release|Any CPU
		{BF5D9612-61BD-46C5-B1D7-0C2CDED876E0}.Release|Any CPU.Build.0 = Release|Any CPU
	EndGlobalSection
	GlobalSection(SolutionProperties) = preSolution
		HideSolutionNode = FALSE
	EndGlobalSection
	GlobalSection(ExtensibilityGlobals) = postSolution
		SolutionGuid = {D257E731-5D0B-42BC-AC64-3B8263712F1F}
	EndGlobalSection
EndGlobal
